{
  "name": "@arc/store",
  "version": "1.0.0",
  "lockfileVersion": 1,
  "requires": true,
  "dependencies": {
    "tslib": {
      "version": "2.1.0",
      "resolved": "https://artifactory.twinformatics.at:443/api/npm/npm/tslib/-/tslib-2.1.0.tgz",
      "integrity": "sha1-2mCGDxwuyqVwOrfTm8Bba/mIuXo="
    }
  }
}
